
Microsoft Visual Studio Solution File, Format Version 12.00
# Visual Studio Version 17
VisualStudioVersion = 17.3.32929.385
MinimumVisualStudioVersion = 10.0.40219.1
Project("{FAE04EC0-301F-11D3-BF4B-00C04F79EFBC}") = "BlogLab.Web", "BlogLab.Web\BlogLab.Web.csproj", "{E7BCA927-3E24-48E0-A620-A57F8D3ADBE8}"
EndProject
Project("{FAE04EC0-301F-11D3-BF4B-00C04F79EFBC}") = "BlogLab.Models", "BlogLab.Models\BlogLab.Models.csproj", "{1146F212-1BA5-49F5-BCB5-3EF28D60C470}"
EndProject
Global
	GlobalSection(SolutionConfigurationPlatforms) = preSolution
		Debug|Any CPU = Debug|Any CPU
		Release|Any CPU = Release|Any CPU
	EndGlobalSection
	GlobalSection(ProjectConfigurationPlatforms) = postSolution
		{E7BCA927-3E24-48E0-A620-A57F8D3ADBE8}.Debug|Any CPU.ActiveCfg = Debug|Any CPU
		{E7BCA927-3E24-48E0-A620-A57F8D3ADBE8}.Debug|Any CPU.Build.0 = Debug|Any CPU
		{E7BCA927-3E24-48E0-A620-A57F8D3ADBE8}.Release|Any CPU.ActiveCfg = Release|Any CPU
		{E7BCA927-3E24-48E0-A620-A57F8D3ADBE8}.Release|Any CPU.Build.0 = Release|Any CPU
		{1146F212-1BA5-49F5-BCB5-3EF28D60C470}.Debug|Any CPU.ActiveCfg = Debug|Any CPU
		{1146F212-1BA5-49F5-BCB5-3EF28D60C470}.Debug|Any CPU.Build.0 = Debug|Any CPU
		{1146F212-1BA5-49F5-BCB5-3EF28D60C470}.Release|Any CPU.ActiveCfg = Release|Any CPU
		{1146F212-1BA5-49F5-BCB5-3EF28D60C470}.Release|Any CPU.Build.0 = Release|Any CPU
	EndGlobalSection
	GlobalSection(SolutionProperties) = preSolution
		HideSolutionNode = FALSE
	EndGlobalSection
	GlobalSection(ExtensibilityGlobals) = postSolution
		SolutionGuid = {F24CECF1-328D-43A1-AA3F-31DDA7C67026}
	EndGlobalSection
EndGlobal
